
Microsoft Visual Studio Solution File, Format Version 12.00
# Visual Studio 15
VisualStudioVersion = 15.0.27703.2042
MinimumVisualStudioVersion = 10.0.40219.1
Project("{8BC9CEB8-8B4A-11D0-8D11-00A0C91BC942}") = "test_decoder", "test_decoder.vcxproj", "{A9894C0A-C53C-4AB5-B0D2-2A553671E863}"
EndProject
Global
	GlobalSection(SolutionConfigurationPlatforms) = preSolution
		Debug|x64 = Debug|x64
		Debug|x86 = Debug|x86
		Release|x64 = Release|x64
		Release|x86 = Release|x86
	EndGlobalSection
	GlobalSection(ProjectConfigurationPlatforms) = postSolution
		{A9894C0A-C53C-4AB5-B0D2-2A553671E863}.Debug|x64.ActiveCfg = Debug|x64
		{A9894C0A-C53C-4AB5-B0D2-2A553671E863}.Debug|x64.Build.0 = Debug|x64
		{A9894C0A-C53C-4AB5-B0D2-2A553671E863}.Debug|x86.ActiveCfg = Debug|Win32
		{A9894C0A-C53C-4AB5-B0D2-2A553671E863}.Debug|x86.Build.0 = Debug|Win32
		{A9894C0A-C53C-4AB5-B0D2-2A553671E863}.Release|x64.ActiveCfg = Release|x64
		{A9894C0A-C53C-4AB5-B0D2-2A553671E863}.Release|x64.Build.0 = Release|x64
		{A9894C0A-C53C-4AB5-B0D2-2A553671E863}.Release|x86.ActiveCfg = Release|Win32
		{A9894C0A-C53C-4AB5-B0D2-2A553671E863}.Release|x86.Build.0 = Release|Win32
	EndGlobalSection
	GlobalSection(SolutionProperties) = preSolution
		HideSolutionNode = FALSE
	EndGlobalSection
	GlobalSection(ExtensibilityGlobals) = postSolution
		SolutionGuid = {A8B24DE4-E01B-4704-8861-440D9C01051B}
	EndGlobalSection
EndGlobal
